
Microsoft Visual Studio Solution File, Format Version 12.00
# Visual Studio Version 17
VisualStudioVersion = 17.10.35013.160
MinimumVisualStudioVersion = 10.0.40219.1
Project("{9A19103F-16F7-4668-BE54-9A1E7A4F7556}") = "WebAPIProject", "WebAPIProject.csproj", "{339B323D-0964-451C-BC49-2E4BD0D89676}"
EndProject
Global
	GlobalSection(SolutionConfigurationPlatforms) = preSolution
		Debug|Any CPU = Debug|Any CPU
		Release|Any CPU = Release|Any CPU
	EndGlobalSection
	GlobalSection(ProjectConfigurationPlatforms) = postSolution
		{339B323D-0964-451C-BC49-2E4BD0D89676}.Debug|Any CPU.ActiveCfg = Debug|Any CPU
		{339B323D-0964-451C-BC49-2E4BD0D89676}.Debug|Any CPU.Build.0 = Debug|Any CPU
		{339B323D-0964-451C-BC49-2E4BD0D89676}.Release|Any CPU.ActiveCfg = Release|Any CPU
		{339B323D-0964-451C-BC49-2E4BD0D89676}.Release|Any CPU.Build.0 = Release|Any CPU
	EndGlobalSection
	GlobalSection(SolutionProperties) = preSolution
		HideSolutionNode = FALSE
	EndGlobalSection
	GlobalSection(ExtensibilityGlobals) = postSolution
		SolutionGuid = {C712A9B7-BEA3-4D24-B173-55C59C729769}
	EndGlobalSection
EndGlobal
